
Microsoft Visual Studio Solution File, Format Version 12.00
# Visual Studio 2012
Project("{159641D6-6404-4A2A-AE62-294DE0FE8301}") = "PF_DM_ETL", "PF_DM_ETL\PF_DM_ETL.dtproj", "{2F9D7965-EF42-4624-9BE0-63169749A043}"
EndProject
Global
	GlobalSection(TeamFoundationVersionControl) = preSolution
		SccNumberOfProjects = 2
		SccEnterpriseProvider = {4CA58AB2-18FA-4F8D-95D4-32DDF27D184C}
		SccTeamFoundationServer = http://sud-tfs-pr:8080/tfs/businessintelligencecollection
		SccLocalPath0 = .
		SccProjectUniqueName1 = PF_DM_ETL\\PF_DM_ETL.dtproj
		SccProjectName1 = PF_DM_ETL
		SccLocalPath1 = PF_DM_ETL
	EndGlobalSection
	GlobalSection(SolutionConfigurationPlatforms) = preSolution
		Development|Default = Development|Default
	EndGlobalSection
	GlobalSection(ProjectConfigurationPlatforms) = postSolution
		{2F9D7965-EF42-4624-9BE0-63169749A043}.Development|Default.ActiveCfg = Development
		{2F9D7965-EF42-4624-9BE0-63169749A043}.Development|Default.Build.0 = Development
	EndGlobalSection
	GlobalSection(SolutionProperties) = preSolution
		HideSolutionNode = FALSE
	EndGlobalSection
EndGlobal
